
Microsoft Visual Studio Solution File, Format Version 12.00
# Visual Studio Version 17
VisualStudioVersion = 17.10.34607.79
MinimumVisualStudioVersion = 10.0.40219.1
Project("{FAE04EC0-301F-11D3-BF4B-00C04F79EFBC}") = "LINQ Queries", "LINQ Queries\LINQ Queries.csproj", "{4238B843-0DA6-4513-9F48-BBC883B92D1B}"
EndProject
Global
	GlobalSection(SolutionConfigurationPlatforms) = preSolution
		Debug|Any CPU = Debug|Any CPU
		Release|Any CPU = Release|Any CPU
	EndGlobalSection
	GlobalSection(ProjectConfigurationPlatforms) = postSolution
		{4238B843-0DA6-4513-9F48-BBC883B92D1B}.Debug|Any CPU.ActiveCfg = Debug|Any CPU
		{4238B843-0DA6-4513-9F48-BBC883B92D1B}.Debug|Any CPU.Build.0 = Debug|Any CPU
		{4238B843-0DA6-4513-9F48-BBC883B92D1B}.Release|Any CPU.ActiveCfg = Release|Any CPU
		{4238B843-0DA6-4513-9F48-BBC883B92D1B}.Release|Any CPU.Build.0 = Release|Any CPU
	EndGlobalSection
	GlobalSection(SolutionProperties) = preSolution
		HideSolutionNode = FALSE
	EndGlobalSection
	GlobalSection(ExtensibilityGlobals) = postSolution
		SolutionGuid = {76640DC7-10AC-42B1-B304-32791967F04A}
	EndGlobalSection
EndGlobal
